
Microsoft Visual Studio Solution File, Format Version 12.00
# Visual Studio 2013
VisualStudioVersion = 12.0.21005.1
MinimumVisualStudioVersion = 10.0.40219.1
Project("{FAE04EC0-301F-11D3-BF4B-00C04F79EFBC}") = "Chapter_03_Objects", "Chapter_3_Objects\Chapter_03_Objects.csproj", "{81BC6300-21F2-48F9-8814-25E8F92CCEDA}"
EndProject
Project("{FAE04EC0-301F-11D3-BF4B-00C04F79EFBC}") = "Chapter_04_Typing_Game", "Chapter_04_Typing_Game\Chapter_04_Typing_Game.csproj", "{9FFBF028-1CE6-4000-B481-1620E30FAE07}"
EndProject
Project("{FAE04EC0-301F-11D3-BF4B-00C04F79EFBC}") = "Chapter_04_2_BouncingLabels", "Chapter_04_2_BouncingLabels\Chapter_04_2_BouncingLabels.csproj", "{03D3C48C-C5BC-431B-ACB4-11603DBB20C5}"
EndProject
Project("{FAE04EC0-301F-11D3-BF4B-00C04F79EFBC}") = "Lab01_DayAtTheRaces", "DayAtTheRaces\Lab01_DayAtTheRaces.csproj", "{9A5CEED4-B099-46A1-8395-D0BB05893BA9}"
EndProject
Project("{FAE04EC0-301F-11D3-BF4B-00C04F79EFBC}") = "Chapter_05_1_PartyPlanner", "Chapter_05\Chapter_05_1_PartyPlanner.csproj", "{F5E71CC9-A683-4AB6-975C-FCA66CE0689A}"
EndProject
Project("{FAE04EC0-301F-11D3-BF4B-00C04F79EFBC}") = "Chapter_05_2_Cow_Calculator", "Chapter_05_Cow_Calculator\Chapter_05_2_Cow_Calculator.csproj", "{6839D706-CD90-431A-A3C0-AAECCF6434E8}"
EndProject
Project("{FAE04EC0-301F-11D3-BF4B-00C04F79EFBC}") = "Chapter_06_1_Thief", "Chapter_06_1_Thief\Chapter_06_1_Thief.csproj", "{CCC2FC1B-2783-4091-A2A1-CFE3895372AE}"
EndProject
Project("{FAE04EC0-301F-11D3-BF4B-00C04F79EFBC}") = "Chapter_06_0_EventPlanner", "Chapter_06_0_EventPlanner\Chapter_06_0_EventPlanner.csproj", "{BAF80853-5D2C-49EC-8F01-91B9EAFE51A1}"
EndProject
Project("{FAE04EC0-301F-11D3-BF4B-00C04F79EFBC}") = "Chapter_06_3_BeehiveManagement", "Chapter_06_2_BeehiveManagement\Chapter_06_3_BeehiveManagement.csproj", "{AB22DCAF-F99D-4A88-B685-7AF61C90022D}"
EndProject
Project("{FAE04EC0-301F-11D3-BF4B-00C04F79EFBC}") = "Chapter_06_4_BeehiveManagement_BeanCounters", "Chapter_06_3_BeehiveManagement_BeanCounters\Chapter_06_4_BeehiveManagement_BeanCounters.csproj", "{2539601F-E863-471A-8CBC-106CF679A766}"
EndProject
Project("{FAE04EC0-301F-11D3-BF4B-00C04F79EFBC}") = "Chapter_07_1", "Chapter_07_1\Chapter_07_1.csproj", "{E8A89509-BDFD-4F47-9F03-A36EF0D4A601}"
EndProject
Project("{FAE04EC0-301F-11D3-BF4B-00C04F79EFBC}") = "Chapter_07_2_TallGuy", "Chapter_07_2_TallGuy\Chapter_07_2_TallGuy.csproj", "{2FEB00F0-4CD2-429D-94FF-32B9C7965349}"
EndProject
Project("{FAE04EC0-301F-11D3-BF4B-00C04F79EFBC}") = "Chapter_07_3_PoolPuzzle", "Chapter_07_3_PoolPuzzle\Chapter_07_3_PoolPuzzle.csproj", "{D46DA3B4-8886-45C2-9303-09A1460FB17F}"
EndProject
Project("{2150E333-8FDC-42A3-9474-1A3956D46DE8}") = "Chapter_04", "Chapter_04", "{297E48CC-DAC7-4292-8663-18A5CB8FD9B6}"
EndProject
Project("{2150E333-8FDC-42A3-9474-1A3956D46DE8}") = "Chapter_05", "Chapter_05", "{B0BEAA9A-C5E9-41B7-A542-22D7EF0DA686}"
EndProject
Project("{2150E333-8FDC-42A3-9474-1A3956D46DE8}") = "Chapter_06", "Chapter_06", "{7AF0D8D9-9EBF-43FA-B531-3C96A6F9B582}"
EndProject
Project("{2150E333-8FDC-42A3-9474-1A3956D46DE8}") = "Chapter_07", "Chapter_07", "{35005EF6-B363-47D2-90FF-25CECEB55735}"
EndProject
Project("{2150E333-8FDC-42A3-9474-1A3956D46DE8}") = "Labs", "Labs", "{8997BD98-1B37-4EB1-A252-24C315A506B0}"
EndProject
Project("{2150E333-8FDC-42A3-9474-1A3956D46DE8}") = "Chapter_03", "Chapter_03", "{9126B485-FE3D-449B-9F6C-8EC003EAA628}"
EndProject
Project("{FAE04EC0-301F-11D3-BF4B-00C04F79EFBC}") = "Chapter_07_4_BuildAHouse", "Chapter_07_4_BuildAHouse\Chapter_07_4_BuildAHouse.csproj", "{6715CC98-18E3-4BEB-82DD-B4738A00B762}"
EndProject
Project("{2150E333-8FDC-42A3-9474-1A3956D46DE8}") = "Chapter_08", "Chapter_08", "{C304567D-44B6-4D8A-AD9B-8CB3FF7B82D6}"
EndProject
Project("{FAE04EC0-301F-11D3-BF4B-00C04F79EFBC}") = "Chapter_08_1_RandomCard", "Chapter_08_1_RandomCard\Chapter_08_1_RandomCard.csproj", "{DC52A147-F8EA-458E-B0FD-8A857DC27247}"
EndProject
Project("{FAE04EC0-301F-11D3-BF4B-00C04F79EFBC}") = "Chapter_07_5_HideAndSeek", "Chapter_07_5_HideAndSeek\Chapter_07_5_HideAndSeek.csproj", "{BC0396B9-1530-4D52-9D6B-29CFCE707CEB}"
EndProject
Project("{FAE04EC0-301F-11D3-BF4B-00C04F79EFBC}") = "ShoeList", "ShoeList\ShoeList.csproj", "{7879510A-77BA-49B5-92C4-233534B2E9B3}"
EndProject
Project("{FAE04EC0-301F-11D3-BF4B-00C04F79EFBC}") = "Chapter_08_3_CodeMagnets", "Chapter_08_3_CodeMagnets\Chapter_08_3_CodeMagnets.csproj", "{7EDAEE46-611F-4328-B3C0-FC9D83B9C857}"
EndProject
Project("{FAE04EC0-301F-11D3-BF4B-00C04F79EFBC}") = "Chapter_08_4_DucksInARow", "Chapter_08_4_DucksInARow\Chapter_08_4_DucksInARow.csproj", "{C65FF920-7200-41FC-8080-5A4740AB9D3B}"
EndProject
Project("{FAE04EC0-301F-11D3-BF4B-00C04F79EFBC}") = "Chapter_08_5_Sorting_Cards", "Chapter_08_5_Sorting_Cards\Chapter_08_5_Sorting_Cards.csproj", "{BE59F64C-9975-43FD-83DD-52A750BCBE8C}"
EndProject
Project("{FAE04EC0-301F-11D3-BF4B-00C04F79EFBC}") = "Chapter_08_6_ForTheBirds", "Chapter_08_6_ForTheBirds\Chapter_08_6_ForTheBirds.csproj", "{6E9D6753-5186-458D-B08B-33CB64445A3C}"
EndProject
Project("{FAE04EC0-301F-11D3-BF4B-00C04F79EFBC}") = "Chapter_08_7_OverloadingMethods", "Chapter_08_7_OverloadingMethods\Chapter_08_7_OverloadingMethods.csproj", "{5F9B2795-BEA1-4487-A054-A2FF28304E64}"
EndProject
Project("{FAE04EC0-301F-11D3-BF4B-00C04F79EFBC}") = "Chapter_08_8_TwoDecks", "Chapter_08_8_TwoDecks\Chapter_08_8_TwoDecks.csproj", "{C5DC93E6-82FC-4C6E-B05B-52703F3EF8A8}"
EndProject
Project("{FAE04EC0-301F-11D3-BF4B-00C04F79EFBC}") = "Chapter_08_9_JerseyNumbers", "Chapter_08_9_JerseyNumbers\Chapter_08_9_JerseyNumbers.csproj", "{1A6FE999-8831-4C7B-AB99-47E7B4761C28}"
EndProject
Project("{FAE04EC0-301F-11D3-BF4B-00C04F79EFBC}") = "Chapter_08_9_1_GoFish", "Chapter_08_9_1_GoFish\Chapter_08_9_1_GoFish.csproj", "{CF3AF12A-5BD4-44CA-9D7D-8F2476EA8584}"
EndProject
Project("{FAE04EC0-301F-11D3-BF4B-00C04F79EFBC}") = "Chapter_8_10_Breakfast4Lumberjacks", "Chapter_8_10_Breakfast4Lumberjacks\Chapter_8_10_Breakfast4Lumberjacks.csproj", "{45220E86-332F-43DD-961E-728E10C6AB4D}"
EndProject
Project("{2150E333-8FDC-42A3-9474-1A3956D46DE8}") = "Chapter_09", "Chapter_09", "{14724444-CA1F-421C-AF7E-ECD59DE60C24}"
EndProject
Project("{FAE04EC0-301F-11D3-BF4B-00C04F79EFBC}") = "Chapter_09_01_TheSwindler", "Chapter_09_01_TheSwindler\Chapter_09_01_TheSwindler.csproj", "{D6A3401E-20F9-4534-8F4C-B99FAAFA6D4A}"
EndProject
Project("{FAE04EC0-301F-11D3-BF4B-00C04F79EFBC}") = "Chapter_09_02_StreamWriterMagnets", "Chapter_09_02_StreamWriterMagnets\Chapter_09_02_StreamWriterMagnets.csproj", "{079D3100-7FA0-4FE4-ACED-7E9B19E7FBD4}"
EndProject
Project("{FAE04EC0-301F-11D3-BF4B-00C04F79EFBC}") = "Chapter_09_03_EmailCaptAmazing", "Chapter_09_03_EmailCaptAmazing\Chapter_09_03_EmailCaptAmazing.csproj", "{F14B17E0-CCC9-4F44-ABE2-FA72A8639D41}"
EndProject
Project("{FAE04EC0-301F-11D3-BF4B-00C04F79EFBC}") = "Chapter_09_04_PoolPuzzle", "Chapter_09_04_PoolPuzzle\Chapter_09_04_PoolPuzzle.csproj", "{8F6D7EF1-76BF-4F05-9A52-D2B6EB410E01}"
EndProject
Project("{FAE04EC0-301F-11D3-BF4B-00C04F79EFBC}") = "Chapter_09_05_FileDialog", "Chapter_09_05_FileDialog\Chapter_09_05_FileDialog.csproj", "{35EF09D8-EEBB-42EF-AE9E-C5CFBA9C7067}"
EndProject
Global
	GlobalSection(SolutionConfigurationPlatforms) = preSolution
		Debug|Any CPU = Debug|Any CPU
		Release|Any CPU = Release|Any CPU
	EndGlobalSection
	GlobalSection(ProjectConfigurationPlatforms) = postSolution
		{81BC6300-21F2-48F9-8814-25E8F92CCEDA}.Debug|Any CPU.ActiveCfg = Debug|Any CPU
		{81BC6300-21F2-48F9-8814-25E8F92CCEDA}.Debug|Any CPU.Build.0 = Debug|Any CPU
		{81BC6300-21F2-48F9-8814-25E8F92CCEDA}.Release|Any CPU.ActiveCfg = Release|Any CPU
		{81BC6300-21F2-48F9-8814-25E8F92CCEDA}.Release|Any CPU.Build.0 = Release|Any CPU
		{9FFBF028-1CE6-4000-B481-1620E30FAE07}.Debug|Any CPU.ActiveCfg = Debug|Any CPU
		{9FFBF028-1CE6-4000-B481-1620E30FAE07}.Debug|Any CPU.Build.0 = Debug|Any CPU
		{9FFBF028-1CE6-4000-B481-1620E30FAE07}.Release|Any CPU.ActiveCfg = Release|Any CPU
		{9FFBF028-1CE6-4000-B481-1620E30FAE07}.Release|Any CPU.Build.0 = Release|Any CPU
		{03D3C48C-C5BC-431B-ACB4-11603DBB20C5}.Debug|Any CPU.ActiveCfg = Debug|Any CPU
		{03D3C48C-C5BC-431B-ACB4-11603DBB20C5}.Debug|Any CPU.Build.0 = Debug|Any CPU
		{03D3C48C-C5BC-431B-ACB4-11603DBB20C5}.Release|Any CPU.ActiveCfg = Release|Any CPU
		{03D3C48C-C5BC-431B-ACB4-11603DBB20C5}.Release|Any CPU.Build.0 = Release|Any CPU
		{9A5CEED4-B099-46A1-8395-D0BB05893BA9}.Debug|Any CPU.ActiveCfg = Debug|Any CPU
		{9A5CEED4-B099-46A1-8395-D0BB05893BA9}.Debug|Any CPU.Build.0 = Debug|Any CPU
		{9A5CEED4-B099-46A1-8395-D0BB05893BA9}.Release|Any CPU.ActiveCfg = Release|Any CPU
		{9A5CEED4-B099-46A1-8395-D0BB05893BA9}.Release|Any CPU.Build.0 = Release|Any CPU
		{F5E71CC9-A683-4AB6-975C-FCA66CE0689A}.Debug|Any CPU.ActiveCfg = Debug|Any CPU
		{F5E71CC9-A683-4AB6-975C-FCA66CE0689A}.Debug|Any CPU.Build.0 = Debug|Any CPU
		{F5E71CC9-A683-4AB6-975C-FCA66CE0689A}.Release|Any CPU.ActiveCfg = Release|Any CPU
		{F5E71CC9-A683-4AB6-975C-FCA66CE0689A}.Release|Any CPU.Build.0 = Release|Any CPU
		{6839D706-CD90-431A-A3C0-AAECCF6434E8}.Debug|Any CPU.ActiveCfg = Debug|Any CPU
		{6839D706-CD90-431A-A3C0-AAECCF6434E8}.Debug|Any CPU.Build.0 = Debug|Any CPU
		{6839D706-CD90-431A-A3C0-AAECCF6434E8}.Release|Any CPU.ActiveCfg = Release|Any CPU
		{6839D706-CD90-431A-A3C0-AAECCF6434E8}.Release|Any CPU.Build.0 = Release|Any CPU
		{CCC2FC1B-2783-4091-A2A1-CFE3895372AE}.Debug|Any CPU.ActiveCfg = Debug|Any CPU
		{CCC2FC1B-2783-4091-A2A1-CFE3895372AE}.Debug|Any CPU.Build.0 = Debug|Any CPU
		{CCC2FC1B-2783-4091-A2A1-CFE3895372AE}.Release|Any CPU.ActiveCfg = Release|Any CPU
		{CCC2FC1B-2783-4091-A2A1-CFE3895372AE}.Release|Any CPU.Build.0 = Release|Any CPU
		{BAF80853-5D2C-49EC-8F01-91B9EAFE51A1}.Debug|Any CPU.ActiveCfg = Debug|Any CPU
		{BAF80853-5D2C-49EC-8F01-91B9EAFE51A1}.Debug|Any CPU.Build.0 = Debug|Any CPU
		{BAF80853-5D2C-49EC-8F01-91B9EAFE51A1}.Release|Any CPU.ActiveCfg = Release|Any CPU
		{BAF80853-5D2C-49EC-8F01-91B9EAFE51A1}.Release|Any CPU.Build.0 = Release|Any CPU
		{AB22DCAF-F99D-4A88-B685-7AF61C90022D}.Debug|Any CPU.ActiveCfg = Debug|Any CPU
		{AB22DCAF-F99D-4A88-B685-7AF61C90022D}.Debug|Any CPU.Build.0 = Debug|Any CPU
		{AB22DCAF-F99D-4A88-B685-7AF61C90022D}.Release|Any CPU.ActiveCfg = Release|Any CPU
		{AB22DCAF-F99D-4A88-B685-7AF61C90022D}.Release|Any CPU.Build.0 = Release|Any CPU
		{2539601F-E863-471A-8CBC-106CF679A766}.Debug|Any CPU.ActiveCfg = Debug|Any CPU
		{2539601F-E863-471A-8CBC-106CF679A766}.Debug|Any CPU.Build.0 = Debug|Any CPU
		{2539601F-E863-471A-8CBC-106CF679A766}.Release|Any CPU.ActiveCfg = Release|Any CPU
		{2539601F-E863-471A-8CBC-106CF679A766}.Release|Any CPU.Build.0 = Release|Any CPU
		{E8A89509-BDFD-4F47-9F03-A36EF0D4A601}.Debug|Any CPU.ActiveCfg = Debug|Any CPU
		{E8A89509-BDFD-4F47-9F03-A36EF0D4A601}.Debug|Any CPU.Build.0 = Debug|Any CPU
		{E8A89509-BDFD-4F47-9F03-A36EF0D4A601}.Release|Any CPU.ActiveCfg = Release|Any CPU
		{E8A89509-BDFD-4F47-9F03-A36EF0D4A601}.Release|Any CPU.Build.0 = Release|Any CPU
		{2FEB00F0-4CD2-429D-94FF-32B9C7965349}.Debug|Any CPU.ActiveCfg = Debug|Any CPU
		{2FEB00F0-4CD2-429D-94FF-32B9C7965349}.Debug|Any CPU.Build.0 = Debug|Any CPU
		{2FEB00F0-4CD2-429D-94FF-32B9C7965349}.Release|Any CPU.ActiveCfg = Release|Any CPU
		{2FEB00F0-4CD2-429D-94FF-32B9C7965349}.Release|Any CPU.Build.0 = Release|Any CPU
		{D46DA3B4-8886-45C2-9303-09A1460FB17F}.Debug|Any CPU.ActiveCfg = Debug|Any CPU
		{D46DA3B4-8886-45C2-9303-09A1460FB17F}.Debug|Any CPU.Build.0 = Debug|Any CPU
		{D46DA3B4-8886-45C2-9303-09A1460FB17F}.Release|Any CPU.ActiveCfg = Release|Any CPU
		{D46DA3B4-8886-45C2-9303-09A1460FB17F}.Release|Any CPU.Build.0 = Release|Any CPU
		{6715CC98-18E3-4BEB-82DD-B4738A00B762}.Debug|Any CPU.ActiveCfg = Debug|Any CPU
		{6715CC98-18E3-4BEB-82DD-B4738A00B762}.Debug|Any CPU.Build.0 = Debug|Any CPU
		{6715CC98-18E3-4BEB-82DD-B4738A00B762}.Release|Any CPU.ActiveCfg = Release|Any CPU
		{6715CC98-18E3-4BEB-82DD-B4738A00B762}.Release|Any CPU.Build.0 = Release|Any CPU
		{DC52A147-F8EA-458E-B0FD-8A857DC27247}.Debug|Any CPU.ActiveCfg = Debug|Any CPU
		{DC52A147-F8EA-458E-B0FD-8A857DC27247}.Debug|Any CPU.Build.0 = Debug|Any CPU
		{DC52A147-F8EA-458E-B0FD-8A857DC27247}.Release|Any CPU.ActiveCfg = Release|Any CPU
		{DC52A147-F8EA-458E-B0FD-8A857DC27247}.Release|Any CPU.Build.0 = Release|Any CPU
		{BC0396B9-1530-4D52-9D6B-29CFCE707CEB}.Debug|Any CPU.ActiveCfg = Debug|Any CPU
		{BC0396B9-1530-4D52-9D6B-29CFCE707CEB}.Debug|Any CPU.Build.0 = Debug|Any CPU
		{BC0396B9-1530-4D52-9D6B-29CFCE707CEB}.Release|Any CPU.ActiveCfg = Release|Any CPU
		{BC0396B9-1530-4D52-9D6B-29CFCE707CEB}.Release|Any CPU.Build.0 = Release|Any CPU
		{7879510A-77BA-49B5-92C4-233534B2E9B3}.Debug|Any CPU.ActiveCfg = Debug|Any CPU
		{7879510A-77BA-49B5-92C4-233534B2E9B3}.Debug|Any CPU.Build.0 = Debug|Any CPU
		{7879510A-77BA-49B5-92C4-233534B2E9B3}.Release|Any CPU.ActiveCfg = Release|Any CPU
		{7879510A-77BA-49B5-92C4-233534B2E9B3}.Release|Any CPU.Build.0 = Release|Any CPU
		{7EDAEE46-611F-4328-B3C0-FC9D83B9C857}.Debug|Any CPU.ActiveCfg = Debug|Any CPU
		{7EDAEE46-611F-4328-B3C0-FC9D83B9C857}.Debug|Any CPU.Build.0 = Debug|Any CPU
		{7EDAEE46-611F-4328-B3C0-FC9D83B9C857}.Release|Any CPU.ActiveCfg = Release|Any CPU
		{7EDAEE46-611F-4328-B3C0-FC9D83B9C857}.Release|Any CPU.Build.0 = Release|Any CPU
		{C65FF920-7200-41FC-8080-5A4740AB9D3B}.Debug|Any CPU.ActiveCfg = Debug|Any CPU
		{C65FF920-7200-41FC-8080-5A4740AB9D3B}.Debug|Any CPU.Build.0 = Debug|Any CPU
		{C65FF920-7200-41FC-8080-5A4740AB9D3B}.Release|Any CPU.ActiveCfg = Release|Any CPU
		{C65FF920-7200-41FC-8080-5A4740AB9D3B}.Release|Any CPU.Build.0 = Release|Any CPU
		{BE59F64C-9975-43FD-83DD-52A750BCBE8C}.Debug|Any CPU.ActiveCfg = Debug|Any CPU
		{BE59F64C-9975-43FD-83DD-52A750BCBE8C}.Debug|Any CPU.Build.0 = Debug|Any CPU
		{BE59F64C-9975-43FD-83DD-52A750BCBE8C}.Release|Any CPU.ActiveCfg = Release|Any CPU
		{BE59F64C-9975-43FD-83DD-52A750BCBE8C}.Release|Any CPU.Build.0 = Release|Any CPU
		{6E9D6753-5186-458D-B08B-33CB64445A3C}.Debug|Any CPU.ActiveCfg = Debug|Any CPU
		{6E9D6753-5186-458D-B08B-33CB64445A3C}.Debug|Any CPU.Build.0 = Debug|Any CPU
		{6E9D6753-5186-458D-B08B-33CB64445A3C}.Release|Any CPU.ActiveCfg = Release|Any CPU
		{6E9D6753-5186-458D-B08B-33CB64445A3C}.Release|Any CPU.Build.0 = Release|Any CPU
		{5F9B2795-BEA1-4487-A054-A2FF28304E64}.Debug|Any CPU.ActiveCfg = Debug|Any CPU
		{5F9B2795-BEA1-4487-A054-A2FF28304E64}.Debug|Any CPU.Build.0 = Debug|Any CPU
		{5F9B2795-BEA1-4487-A054-A2FF28304E64}.Release|Any CPU.ActiveCfg = Release|Any CPU
		{5F9B2795-BEA1-4487-A054-A2FF28304E64}.Release|Any CPU.Build.0 = Release|Any CPU
		{C5DC93E6-82FC-4C6E-B05B-52703F3EF8A8}.Debug|Any CPU.ActiveCfg = Debug|Any CPU
		{C5DC93E6-82FC-4C6E-B05B-52703F3EF8A8}.Debug|Any CPU.Build.0 = Debug|Any CPU
		{C5DC93E6-82FC-4C6E-B05B-52703F3EF8A8}.Release|Any CPU.ActiveCfg = Release|Any CPU
		{C5DC93E6-82FC-4C6E-B05B-52703F3EF8A8}.Release|Any CPU.Build.0 = Release|Any CPU
		{1A6FE999-8831-4C7B-AB99-47E7B4761C28}.Debug|Any CPU.ActiveCfg = Debug|Any CPU
		{1A6FE999-8831-4C7B-AB99-47E7B4761C28}.Debug|Any CPU.Build.0 = Debug|Any CPU
		{1A6FE999-8831-4C7B-AB99-47E7B4761C28}.Release|Any CPU.ActiveCfg = Release|Any CPU
		{1A6FE999-8831-4C7B-AB99-47E7B4761C28}.Release|Any CPU.Build.0 = Release|Any CPU
		{CF3AF12A-5BD4-44CA-9D7D-8F2476EA8584}.Debug|Any CPU.ActiveCfg = Debug|Any CPU
		{CF3AF12A-5BD4-44CA-9D7D-8F2476EA8584}.Debug|Any CPU.Build.0 = Debug|Any CPU
		{CF3AF12A-5BD4-44CA-9D7D-8F2476EA8584}.Release|Any CPU.ActiveCfg = Release|Any CPU
		{CF3AF12A-5BD4-44CA-9D7D-8F2476EA8584}.Release|Any CPU.Build.0 = Release|Any CPU
		{45220E86-332F-43DD-961E-728E10C6AB4D}.Debug|Any CPU.ActiveCfg = Debug|Any CPU
		{45220E86-332F-43DD-961E-728E10C6AB4D}.Debug|Any CPU.Build.0 = Debug|Any CPU
		{45220E86-332F-43DD-961E-728E10C6AB4D}.Release|Any CPU.ActiveCfg = Release|Any CPU
		{45220E86-332F-43DD-961E-728E10C6AB4D}.Release|Any CPU.Build.0 = Release|Any CPU
		{D6A3401E-20F9-4534-8F4C-B99FAAFA6D4A}.Debug|Any CPU.ActiveCfg = Debug|Any CPU
		{D6A3401E-20F9-4534-8F4C-B99FAAFA6D4A}.Debug|Any CPU.Build.0 = Debug|Any CPU
		{D6A3401E-20F9-4534-8F4C-B99FAAFA6D4A}.Release|Any CPU.ActiveCfg = Release|Any CPU
		{D6A3401E-20F9-4534-8F4C-B99FAAFA6D4A}.Release|Any CPU.Build.0 = Release|Any CPU
		{079D3100-7FA0-4FE4-ACED-7E9B19E7FBD4}.Debug|Any CPU.ActiveCfg = Debug|Any CPU
		{079D3100-7FA0-4FE4-ACED-7E9B19E7FBD4}.Debug|Any CPU.Build.0 = Debug|Any CPU
		{079D3100-7FA0-4FE4-ACED-7E9B19E7FBD4}.Release|Any CPU.ActiveCfg = Release|Any CPU
		{079D3100-7FA0-4FE4-ACED-7E9B19E7FBD4}.Release|Any CPU.Build.0 = Release|Any CPU
		{F14B17E0-CCC9-4F44-ABE2-FA72A8639D41}.Debug|Any CPU.ActiveCfg = Debug|Any CPU
		{F14B17E0-CCC9-4F44-ABE2-FA72A8639D41}.Debug|Any CPU.Build.0 = Debug|Any CPU
		{F14B17E0-CCC9-4F44-ABE2-FA72A8639D41}.Release|Any CPU.ActiveCfg = Release|Any CPU
		{F14B17E0-CCC9-4F44-ABE2-FA72A8639D41}.Release|Any CPU.Build.0 = Release|Any CPU
		{8F6D7EF1-76BF-4F05-9A52-D2B6EB410E01}.Debug|Any CPU.ActiveCfg = Debug|Any CPU
		{8F6D7EF1-76BF-4F05-9A52-D2B6EB410E01}.Debug|Any CPU.Build.0 = Debug|Any CPU
		{8F6D7EF1-76BF-4F05-9A52-D2B6EB410E01}.Release|Any CPU.ActiveCfg = Release|Any CPU
		{8F6D7EF1-76BF-4F05-9A52-D2B6EB410E01}.Release|Any CPU.Build.0 = Release|Any CPU
		{35EF09D8-EEBB-42EF-AE9E-C5CFBA9C7067}.Debug|Any CPU.ActiveCfg = Debug|Any CPU
		{35EF09D8-EEBB-42EF-AE9E-C5CFBA9C7067}.Debug|Any CPU.Build.0 = Debug|Any CPU
		{35EF09D8-EEBB-42EF-AE9E-C5CFBA9C7067}.Release|Any CPU.ActiveCfg = Release|Any CPU
		{35EF09D8-EEBB-42EF-AE9E-C5CFBA9C7067}.Release|Any CPU.Build.0 = Release|Any CPU
	EndGlobalSection
	GlobalSection(SolutionProperties) = preSolution
		HideSolutionNode = FALSE
	EndGlobalSection
	GlobalSection(NestedProjects) = preSolution
		{81BC6300-21F2-48F9-8814-25E8F92CCEDA} = {9126B485-FE3D-449B-9F6C-8EC003EAA628}
		{03D3C48C-C5BC-431B-ACB4-11603DBB20C5} = {297E48CC-DAC7-4292-8663-18A5CB8FD9B6}
		{9FFBF028-1CE6-4000-B481-1620E30FAE07} = {297E48CC-DAC7-4292-8663-18A5CB8FD9B6}
		{9A5CEED4-B099-46A1-8395-D0BB05893BA9} = {8997BD98-1B37-4EB1-A252-24C315A506B0}
		{6839D706-CD90-431A-A3C0-AAECCF6434E8} = {B0BEAA9A-C5E9-41B7-A542-22D7EF0DA686}
		{F5E71CC9-A683-4AB6-975C-FCA66CE0689A} = {B0BEAA9A-C5E9-41B7-A542-22D7EF0DA686}
		{BAF80853-5D2C-49EC-8F01-91B9EAFE51A1} = {7AF0D8D9-9EBF-43FA-B531-3C96A6F9B582}
		{AB22DCAF-F99D-4A88-B685-7AF61C90022D} = {7AF0D8D9-9EBF-43FA-B531-3C96A6F9B582}
		{2539601F-E863-471A-8CBC-106CF679A766} = {7AF0D8D9-9EBF-43FA-B531-3C96A6F9B582}
		{CCC2FC1B-2783-4091-A2A1-CFE3895372AE} = {7AF0D8D9-9EBF-43FA-B531-3C96A6F9B582}
		{2FEB00F0-4CD2-429D-94FF-32B9C7965349} = {35005EF6-B363-47D2-90FF-25CECEB55735}
		{D46DA3B4-8886-45C2-9303-09A1460FB17F} = {35005EF6-B363-47D2-90FF-25CECEB55735}
		{E8A89509-BDFD-4F47-9F03-A36EF0D4A601} = {35005EF6-B363-47D2-90FF-25CECEB55735}
		{6715CC98-18E3-4BEB-82DD-B4738A00B762} = {35005EF6-B363-47D2-90FF-25CECEB55735}
		{BC0396B9-1530-4D52-9D6B-29CFCE707CEB} = {35005EF6-B363-47D2-90FF-25CECEB55735}
		{DC52A147-F8EA-458E-B0FD-8A857DC27247} = {C304567D-44B6-4D8A-AD9B-8CB3FF7B82D6}
		{7879510A-77BA-49B5-92C4-233534B2E9B3} = {C304567D-44B6-4D8A-AD9B-8CB3FF7B82D6}
		{7EDAEE46-611F-4328-B3C0-FC9D83B9C857} = {C304567D-44B6-4D8A-AD9B-8CB3FF7B82D6}
		{C65FF920-7200-41FC-8080-5A4740AB9D3B} = {C304567D-44B6-4D8A-AD9B-8CB3FF7B82D6}
		{BE59F64C-9975-43FD-83DD-52A750BCBE8C} = {C304567D-44B6-4D8A-AD9B-8CB3FF7B82D6}
		{6E9D6753-5186-458D-B08B-33CB64445A3C} = {C304567D-44B6-4D8A-AD9B-8CB3FF7B82D6}
		{5F9B2795-BEA1-4487-A054-A2FF28304E64} = {C304567D-44B6-4D8A-AD9B-8CB3FF7B82D6}
		{C5DC93E6-82FC-4C6E-B05B-52703F3EF8A8} = {C304567D-44B6-4D8A-AD9B-8CB3FF7B82D6}
		{1A6FE999-8831-4C7B-AB99-47E7B4761C28} = {C304567D-44B6-4D8A-AD9B-8CB3FF7B82D6}
		{CF3AF12A-5BD4-44CA-9D7D-8F2476EA8584} = {C304567D-44B6-4D8A-AD9B-8CB3FF7B82D6}
		{45220E86-332F-43DD-961E-728E10C6AB4D} = {C304567D-44B6-4D8A-AD9B-8CB3FF7B82D6}
		{D6A3401E-20F9-4534-8F4C-B99FAAFA6D4A} = {14724444-CA1F-421C-AF7E-ECD59DE60C24}
		{079D3100-7FA0-4FE4-ACED-7E9B19E7FBD4} = {14724444-CA1F-421C-AF7E-ECD59DE60C24}
		{F14B17E0-CCC9-4F44-ABE2-FA72A8639D41} = {14724444-CA1F-421C-AF7E-ECD59DE60C24}
		{8F6D7EF1-76BF-4F05-9A52-D2B6EB410E01} = {14724444-CA1F-421C-AF7E-ECD59DE60C24}
		{35EF09D8-EEBB-42EF-AE9E-C5CFBA9C7067} = {14724444-CA1F-421C-AF7E-ECD59DE60C24}
	EndGlobalSection
EndGlobal
